
Microsoft Visual Studio Solution File, Format Version 12.00
# Visual Studio 15
VisualStudioVersion = 15.0.28307.1758
MinimumVisualStudioVersion = 10.0.40219.1
Project("{F184B08F-C81C-45F6-A57F-5ABD9991F28F}") = "Unit4_Function_Assignment", "Unit4_Function_Assignment\Unit4_Function_Assignment.vbproj", "{24329F04-CA63-4482-8049-C84E95C2B01B}"
EndProject
Global
	GlobalSection(SolutionConfigurationPlatforms) = preSolution
		Debug|Any CPU = Debug|Any CPU
		Release|Any CPU = Release|Any CPU
	EndGlobalSection
	GlobalSection(ProjectConfigurationPlatforms) = postSolution
		{24329F04-CA63-4482-8049-C84E95C2B01B}.Debug|Any CPU.ActiveCfg = Debug|Any CPU
		{24329F04-CA63-4482-8049-C84E95C2B01B}.Debug|Any CPU.Build.0 = Debug|Any CPU
		{24329F04-CA63-4482-8049-C84E95C2B01B}.Release|Any CPU.ActiveCfg = Release|Any CPU
		{24329F04-CA63-4482-8049-C84E95C2B01B}.Release|Any CPU.Build.0 = Release|Any CPU
	EndGlobalSection
	GlobalSection(SolutionProperties) = preSolution
		HideSolutionNode = FALSE
	EndGlobalSection
	GlobalSection(ExtensibilityGlobals) = postSolution
		SolutionGuid = {A14EDA9A-9F11-4C37-AA33-0EABD4762FE6}
	EndGlobalSection
EndGlobal
